schema: '2.0'
stages:
  download:
    cmd: python cli.py download
    deps:
    - path: cli.py
      hash: md5
      md5: 33dfb98290267ebb91eec8a20037ae4f
      size: 1260
    - path: download.py
      hash: md5
      md5: 0c788e391dbe4894b3b137246bc90ea8
      size: 819
    params:
      config.json:
        kaggle_mnist_handle: oddrationale/mnist-in-csv
        kaggle_mnist_test_file: mnist_test.csv
        kaggle_mnist_train_file: mnist_train.csv
        kaggle_token_file: ./.secrets/kaggle.json
    outs:
    - path: data/test/raw
      hash: md5
      md5: 3e6db7925e066617ce9b49d79795e422.dir
      size: 18303650
      nfiles: 1
    - path: data/train/raw
      hash: md5
      md5: db3fcf22ca5bc8e382bcc384a3310090.dir
      size: 109640201
      nfiles: 1
  convert:
    cmd: python cli.py convert
    deps:
    - path: cli.py
      hash: md5
      md5: 33dfb98290267ebb91eec8a20037ae4f
      size: 1260
    - path: convert.py
      hash: md5
      md5: ebad11d340680a65f667bb81da75897e
      size: 1212
    - path: data/test/raw
      hash: md5
      md5: 3e6db7925e066617ce9b49d79795e422.dir
      size: 18303650
      nfiles: 1
    - path: data/train/raw
      hash: md5
      md5: db3fcf22ca5bc8e382bcc384a3310090.dir
      size: 109640201
      nfiles: 1
    outs:
    - path: data/test/converted
      hash: md5
      md5: d4c8cb964a18b7bc45ed6e1862d4ff41.dir
      size: 2755182
      nfiles: 10000
    - path: data/train/converted
      hash: md5
      md5: d1bc4c2136fd04dc8f2083fd5581d695.dir
      size: 16503300
      nfiles: 60000
  augment:
    cmd: python cli.py augment
    deps:
    - path: augment.py
      hash: md5
      md5: 8bac0a10f6a1981ab72d518c44463ae1
      size: 2780
    - path: cli.py
      hash: md5
      md5: 33dfb98290267ebb91eec8a20037ae4f
      size: 1260
    - path: data/train/converted
      hash: md5
      md5: d1bc4c2136fd04dc8f2083fd5581d695.dir
      size: 16503300
      nfiles: 60000
    params:
      config.json:
        scramble_fraction: 0.1
        scrambled_copies: 1
        seed: 57005
    outs:
    - path: data/train/augmented
      hash: md5
      md5: a6ad99d63915811890d4023ee1b48f24.dir
      size: 18567749
      nfiles: 65996
  train:
    cmd: python cli.py train
    deps:
    - path: data/train/augmented
      hash: md5
      md5: a6ad99d63915811890d4023ee1b48f24.dir
      size: 18567749
      nfiles: 65996
    - path: dataloader.py
      hash: md5
      md5: 3ae144523b2069bf51270bc9cb1b1f74
      size: 872
    - path: network.py
      hash: md5
      md5: ab90e2a6debb0a9018ec79e3def66288
      size: 574
    - path: train.py
      hash: md5
      md5: b7c93e239a431f78c7377de843fd4d7b
      size: 1565
    outs:
    - path: saved_models/scrambled_mnist.pth
      hash: md5
      md5: 3a09a190789914d43e3aeb0e3ebbabd9
      size: 51471008
  test:
    cmd: python cli.py test
    deps:
    - path: data/test/raw
      hash: md5
      md5: 3e6db7925e066617ce9b49d79795e422.dir
      size: 18303650
      nfiles: 1
    - path: dataloader.py
      hash: md5
      md5: 3ae144523b2069bf51270bc9cb1b1f74
      size: 872
    - path: network.py
      hash: md5
      md5: ab90e2a6debb0a9018ec79e3def66288
      size: 574
    - path: saved_models/scrambled_mnist.pth
      hash: md5
      md5: 3a09a190789914d43e3aeb0e3ebbabd9
      size: 51471008
    - path: test.py
      hash: md5
      md5: d2c2acf471d08a2e9022b50bfd12f3f0
      size: 955
